{
  "name": "changhae",
  "version": "1.0.0",
  "lockfileVersion": 2,
  "requires": true,
  "packages": {
    "": {
      "name": "changhae",
      "version": "1.0.0",
      "license": "ISC",
      "dependencies": {
        "apt": "^0.0.2",
        "underscore": "^1.13.4"
      },
      "devDependencies": {
        "typescript": "^4.7.4"
      }
    },
    "node_modules/apt": {
      "version": "0.0.2",
      "resolved": "https://registry.npmjs.org/apt/-/apt-0.0.2.tgz",
      "integrity": "sha512-RJjx3uUu4RP5oREO0Dpoy6H4Gp7gQbuE1C9av4GUclXrPCpfYy+iUt8ac2aI+hWWH5Y8JlsW2P8AlnDOCCi+SA==",
      "dependencies": {
        "underscore": "latest"
      },
      "engines": {
        "node": ">=0.8"
      }
    },
    "node_modules/typescript": {
      "version": "4.7.4",
      "resolved": "https://registry.npmjs.org/typescript/-/typescript-4.7.4.tgz",
      "integrity": "sha512-C0WQT0gezHuw6AdY1M2jxUO83Rjf0HP7Sk1DtXj6j1EwkQNZrHAg2XPWlq62oqEhYvONq5pkC2Y9oPljWToLmQ==",
      "dev": true,
      "bin": {
        "tsc": "bin/tsc",
        "tsserver": "bin/tsserver"
      },
      "engines": {
        "node": ">=4.2.0"
      }
    },
    "node_modules/underscore": {
      "version": "1.13.4",
      "resolved": "https://registry.npmjs.org/underscore/-/underscore-1.13.4.tgz",
      "integrity": "sha512-BQFnUDuAQ4Yf/cYY5LNrK9NCJFKriaRbD9uR1fTeXnBeoa97W0i41qkZfGO9pSo8I5KzjAcSY2XYtdf0oKd7KQ=="
    }
  },
  "dependencies": {
    "apt": {
      "version": "0.0.2",
      "resolved": "https://registry.npmjs.org/apt/-/apt-0.0.2.tgz",
      "integrity": "sha512-RJjx3uUu4RP5oREO0Dpoy6H4Gp7gQbuE1C9av4GUclXrPCpfYy+iUt8ac2aI+hWWH5Y8JlsW2P8AlnDOCCi+SA==",
      "requires": {
        "underscore": "latest"
      }
    },
    "typescript": {
      "version": "4.7.4",
      "resolved": "https://registry.npmjs.org/typescript/-/typescript-4.7.4.tgz",
      "integrity": "sha512-C0WQT0gezHuw6AdY1M2jxUO83Rjf0HP7Sk1DtXj6j1EwkQNZrHAg2XPWlq62oqEhYvONq5pkC2Y9oPljWToLmQ==",
      "dev": true
    },
    "underscore": {
      "version": "1.13.4",
      "resolved": "https://registry.npmjs.org/underscore/-/underscore-1.13.4.tgz",
      "integrity": "sha512-BQFnUDuAQ4Yf/cYY5LNrK9NCJFKriaRbD9uR1fTeXnBeoa97W0i41qkZfGO9pSo8I5KzjAcSY2XYtdf0oKd7KQ=="
    }
  }
}
